lockfileVersion: '9.0'

settings:
  autoInstallPeers: true
  excludeLinksFromLockfile: false

importers:

  .:
    dependencies:
      '@tauri-apps/api':
        specifier: ^2
        version: 2.1.1
      '@tauri-apps/plugin-http':
        specifier: ~2
        version: 2.2.0
      '@tauri-apps/plugin-opener':
        specifier: ^2
        version: 2.2.2
      axios:
        specifier: ^1.7.9
        version: 1.7.9
      axios-tauri-api-adapter:
        specifier: link:../
        version: link:..
      vue:
        specifier: ^3.5.13
        version: 3.5.13(typescript@5.6.3)
    devDependencies:
      '@tauri-apps/cli':
        specifier: ^2
        version: 2.1.0
      '@vitejs/plugin-vue':
        specifier: ^5.2.1
        version: 5.2.1(vite@6.0.6)(vue@3.5.13(typescript@5.6.3))
      typescript:
        specifier: ~5.6.2
        version: 5.6.3
      vite:
        specifier: ^6.0.3
        version: 6.0.6
      vue-tsc:
        specifier: ^2.1.10
        version: 2.2.0(typescript@5.6.3)

packages:

  '@babel/helper-string-parser@7.25.9':
    resolution: {integrity: sha512-4A/SCr/2KLd5jrtOMFzaKjVtAei3+2r/NChoBNoZ3EyP/+GlhoaEGoWOZUmFmoITP7zOJyHIMm+DYRd8o3PvHA==}
    engines: {node: '>=6.9.0'}

  '@babel/helper-validator-identifier@7.25.9':
    resolution: {integrity: sha512-Ed61U6XJc3CVRfkERJWDz4dJwKe7iLmmJsbOGu9wSloNSFttHV0I8g6UAgb7qnK5ly5bGLPd4oXZlxCdANBOWQ==}
    engines: {node: '>=6.9.0'}

  '@babel/parser@7.26.3':
    resolution: {integrity: sha512-WJ/CvmY8Mea8iDXo6a7RK2wbmJITT5fN3BEkRuFlxVyNx8jOKIIhmC4fSkTcPcf8JyavbBwIe6OpiCOBXt/IcA==}
    engines: {node: '>=6.0.0'}
    hasBin: true

  '@babel/types@7.26.3':
    resolution: {integrity: sha512-vN5p+1kl59GVKMvTHt55NzzmYVxprfJD+ql7U9NFIfKCBkYE55LYtS+WtPlaYOyzydrKI8Nezd+aZextrd+FMA==}
    engines: {node: '>=6.9.0'}

  '@esbuild/aix-ppc64@0.24.2':
    resolution: {integrity: sha512-thpVCb/rhxE/BnMLQ7GReQLLN8q9qbHmI55F4489/ByVg2aQaQ6kbcLb6FHkocZzQhxc4gx0sCk0tJkKBFzDhA==}
    engines: {node: '>=18'}
    cpu: [ppc64]
    os: [aix]

  '@esbuild/android-arm64@0.24.2':
    resolution: {integrity: sha512-cNLgeqCqV8WxfcTIOeL4OAtSmL8JjcN6m09XIgro1Wi7cF4t/THaWEa7eL5CMoMBdjoHOTh/vwTO/o2TRXIyzg==}
    engines: {node: '>=18'}
    cpu: [arm64]
    os: [android]

  '@esbuild/android-arm@0.24.2':
    resolution: {integrity: sha512-tmwl4hJkCfNHwFB3nBa8z1Uy3ypZpxqxfTQOcHX+xRByyYgunVbZ9MzUUfb0RxaHIMnbHagwAxuTL+tnNM+1/Q==}
    engines: {node: '>=18'}
    cpu: [arm]
    os: [android]

  '@esbuild/android-x64@0.24.2':
    resolution: {integrity: sha512-B6Q0YQDqMx9D7rvIcsXfmJfvUYLoP722bgfBlO5cGvNVb5V/+Y7nhBE3mHV9OpxBf4eAS2S68KZztiPaWq4XYw==}
    engines: {node: '>=18'}
    cpu: [x64]
    os: [android]

  '@esbuild/darwin-arm64@0.24.2':
    resolution: {integrity: sha512-kj3AnYWc+CekmZnS5IPu9D+HWtUI49hbnyqk0FLEJDbzCIQt7hg7ucF1SQAilhtYpIujfaHr6O0UHlzzSPdOeA==}
    engines: {node: '>=18'}
    cpu: [arm64]
    os: [darwin]

  '@esbuild/darwin-x64@0.24.2':
    resolution: {integrity: sha512-WeSrmwwHaPkNR5H3yYfowhZcbriGqooyu3zI/3GGpF8AyUdsrrP0X6KumITGA9WOyiJavnGZUwPGvxvwfWPHIA==}
    engines: {node: '>=18'}
    cpu: [x64]
    os: [darwin]

  '@esbuild/freebsd-arm64@0.24.2':
    resolution: {integrity: sha512-UN8HXjtJ0k/Mj6a9+5u6+2eZ2ERD7Edt1Q9IZiB5UZAIdPnVKDoG7mdTVGhHJIeEml60JteamR3qhsr1r8gXvg==}
    engines: {node: '>=18'}
    cpu: [arm64]
    os: [freebsd]

  '@esbuild/freebsd-x64@0.24.2':
    resolution: {integrity: sha512-TvW7wE/89PYW+IevEJXZ5sF6gJRDY/14hyIGFXdIucxCsbRmLUcjseQu1SyTko+2idmCw94TgyaEZi9HUSOe3Q==}
    engines: {node: '>=18'}
    cpu: [x64]
    os: [freebsd]

  '@esbuild/linux-arm64@0.24.2':
    resolution: {integrity: sha512-7HnAD6074BW43YvvUmE/35Id9/NB7BeX5EoNkK9obndmZBUk8xmJJeU7DwmUeN7tkysslb2eSl6CTrYz6oEMQg==}
    engines: {node: '>=18'}
    cpu: [arm64]
    os: [linux]

  '@esbuild/linux-arm@0.24.2':
    resolution: {integrity: sha512-n0WRM/gWIdU29J57hJyUdIsk0WarGd6To0s+Y+LwvlC55wt+GT/OgkwoXCXvIue1i1sSNWblHEig00GBWiJgfA==}
    engines: {node: '>=18'}
    cpu: [arm]
    os: [linux]

  '@esbuild/linux-ia32@0.24.2':
    resolution: {integrity: sha512-sfv0tGPQhcZOgTKO3oBE9xpHuUqguHvSo4jl+wjnKwFpapx+vUDcawbwPNuBIAYdRAvIDBfZVvXprIj3HA+Ugw==}
    engines: {node: '>=18'}
    cpu: [ia32]
    os: [linux]

  '@esbuild/linux-loong64@0.24.2':
    resolution: {integrity: sha512-CN9AZr8kEndGooS35ntToZLTQLHEjtVB5n7dl8ZcTZMonJ7CCfStrYhrzF97eAecqVbVJ7APOEe18RPI4KLhwQ==}
    engines: {node: '>=18'}
    cpu: [loong64]
    os: [linux]

  '@esbuild/linux-mips64el@0.24.2':
    resolution: {integrity: sha512-iMkk7qr/wl3exJATwkISxI7kTcmHKE+BlymIAbHO8xanq/TjHaaVThFF6ipWzPHryoFsesNQJPE/3wFJw4+huw==}
    engines: {node: '>=18'}
    cpu: [mips64el]
    os: [linux]

  '@esbuild/linux-ppc64@0.24.2':
    resolution: {integrity: sha512-shsVrgCZ57Vr2L8mm39kO5PPIb+843FStGt7sGGoqiiWYconSxwTiuswC1VJZLCjNiMLAMh34jg4VSEQb+iEbw==}
    engines: {node: '>=18'}
    cpu: [ppc64]
    os: [linux]

  '@esbuild/linux-riscv64@0.24.2':
    resolution: {integrity: sha512-4eSFWnU9Hhd68fW16GD0TINewo1L6dRrB+oLNNbYyMUAeOD2yCK5KXGK1GH4qD/kT+bTEXjsyTCiJGHPZ3eM9Q==}
    engines: {node: '>=18'}
    cpu: [riscv64]
    os: [linux]

  '@esbuild/linux-s390x@0.24.2':
    resolution: {integrity: sha512-S0Bh0A53b0YHL2XEXC20bHLuGMOhFDO6GN4b3YjRLK//Ep3ql3erpNcPlEFed93hsQAjAQDNsvcK+hV90FubSw==}
    engines: {node: '>=18'}
    cpu: [s390x]
    os: [linux]

  '@esbuild/linux-x64@0.24.2':
    resolution: {integrity: sha512-8Qi4nQcCTbLnK9WoMjdC9NiTG6/E38RNICU6sUNqK0QFxCYgoARqVqxdFmWkdonVsvGqWhmm7MO0jyTqLqwj0Q==}
    engines: {node: '>=18'}
    cpu: [x64]
    os: [linux]

  '@esbuild/netbsd-arm64@0.24.2':
    resolution: {integrity: sha512-wuLK/VztRRpMt9zyHSazyCVdCXlpHkKm34WUyinD2lzK07FAHTq0KQvZZlXikNWkDGoT6x3TD51jKQ7gMVpopw==}
    engines: {node: '>=18'}
    cpu: [arm64]
    os: [netbsd]

  '@esbuild/netbsd-x64@0.24.2':
    resolution: {integrity: sha512-VefFaQUc4FMmJuAxmIHgUmfNiLXY438XrL4GDNV1Y1H/RW3qow68xTwjZKfj/+Plp9NANmzbH5R40Meudu8mmw==}
    engines: {node: '>=18'}
    cpu: [x64]
    os: [netbsd]

  '@esbuild/openbsd-arm64@0.24.2':
    resolution: {integrity: sha512-YQbi46SBct6iKnszhSvdluqDmxCJA+Pu280Av9WICNwQmMxV7nLRHZfjQzwbPs3jeWnuAhE9Jy0NrnJ12Oz+0A==}
    engines: {node: '>=18'}
    cpu: [arm64]
    os: [openbsd]

  '@esbuild/openbsd-x64@0.24.2':
    resolution: {integrity: sha512-+iDS6zpNM6EnJyWv0bMGLWSWeXGN/HTaF/LXHXHwejGsVi+ooqDfMCCTerNFxEkM3wYVcExkeGXNqshc9iMaOA==}
    engines: {node: '>=18'}
    cpu: [x64]
    os: [openbsd]

  '@esbuild/sunos-x64@0.24.2':
    resolution: {integrity: sha512-hTdsW27jcktEvpwNHJU4ZwWFGkz2zRJUz8pvddmXPtXDzVKTTINmlmga3ZzwcuMpUvLw7JkLy9QLKyGpD2Yxig==}
    engines: {node: '>=18'}
    cpu: [x64]
    os: [sunos]

  '@esbuild/win32-arm64@0.24.2':
    resolution: {integrity: sha512-LihEQ2BBKVFLOC9ZItT9iFprsE9tqjDjnbulhHoFxYQtQfai7qfluVODIYxt1PgdoyQkz23+01rzwNwYfutxUQ==}
    engines: {node: '>=18'}
    cpu: [arm64]
    os: [win32]

  '@esbuild/win32-ia32@0.24.2':
    resolution: {integrity: sha512-q+iGUwfs8tncmFC9pcnD5IvRHAzmbwQ3GPS5/ceCyHdjXubwQWI12MKWSNSMYLJMq23/IUCvJMS76PDqXe1fxA==}
    engines: {node: '>=18'}
    cpu: [ia32]
    os: [win32]

  '@esbuild/win32-x64@0.24.2':
    resolution: {integrity: sha512-7VTgWzgMGvup6aSqDPLiW5zHaxYJGTO4OokMjIlrCtf+VpEL+cXKtCvg723iguPYI5oaUNdS+/V7OU2gvXVWEg==}
    engines: {node: '>=18'}
    cpu: [x64]
    os: [win32]

  '@jridgewell/sourcemap-codec@1.5.0':
    resolution: {integrity: sha512-gv3ZRaISU3fjPAgNsriBRqGWQL6quFx04YMPW/zD8XMLsU32mhCCbfbO6KZFLjvYpCZ8zyDEgqsgf+PwPaM7GQ==}

  '@rollup/rollup-android-arm-eabi@4.29.1':
    resolution: {integrity: sha512-ssKhA8RNltTZLpG6/QNkCSge+7mBQGUqJRisZ2MDQcEGaK93QESEgWK2iOpIDZ7k9zPVkG5AS3ksvD5ZWxmItw==}
    cpu: [arm]
    os: [android]

  '@rollup/rollup-android-arm64@4.29.1':
    resolution: {integrity: sha512-CaRfrV0cd+NIIcVVN/jx+hVLN+VRqnuzLRmfmlzpOzB87ajixsN/+9L5xNmkaUUvEbI5BmIKS+XTwXsHEb65Ew==}
    cpu: [arm64]
    os: [android]

  '@rollup/rollup-darwin-arm64@4.29.1':
    resolution: {integrity: sha512-2ORr7T31Y0Mnk6qNuwtyNmy14MunTAMx06VAPI6/Ju52W10zk1i7i5U3vlDRWjhOI5quBcrvhkCHyF76bI7kEw==}
    cpu: [arm64]
    os: [darwin]

  '@rollup/rollup-darwin-x64@4.29.1':
    resolution: {integrity: sha512-j/Ej1oanzPjmN0tirRd5K2/nncAhS9W6ICzgxV+9Y5ZsP0hiGhHJXZ2JQ53iSSjj8m6cRY6oB1GMzNn2EUt6Ng==}
    cpu: [x64]
    os: [darwin]

  '@rollup/rollup-freebsd-arm64@4.29.1':
    resolution: {integrity: sha512-91C//G6Dm/cv724tpt7nTyP+JdN12iqeXGFM1SqnljCmi5yTXriH7B1r8AD9dAZByHpKAumqP1Qy2vVNIdLZqw==}
    cpu: [arm64]
    os: [freebsd]

  '@rollup/rollup-freebsd-x64@4.29.1':
    resolution: {integrity: sha512-hEioiEQ9Dec2nIRoeHUP6hr1PSkXzQaCUyqBDQ9I9ik4gCXQZjJMIVzoNLBRGet+hIUb3CISMh9KXuCcWVW/8w==}
    cpu: [x64]
    os: [freebsd]

  '@rollup/rollup-linux-arm-gnueabihf@4.29.1':
    resolution: {integrity: sha512-Py5vFd5HWYN9zxBv3WMrLAXY3yYJ6Q/aVERoeUFwiDGiMOWsMs7FokXihSOaT/PMWUty/Pj60XDQndK3eAfE6A==}
    cpu: [arm]
    os: [linux]

  '@rollup/rollup-linux-arm-musleabihf@4.29.1':
    resolution: {integrity: sha512-RiWpGgbayf7LUcuSNIbahr0ys2YnEERD4gYdISA06wa0i8RALrnzflh9Wxii7zQJEB2/Eh74dX4y/sHKLWp5uQ==}
    cpu: [arm]
    os: [linux]

  '@rollup/rollup-linux-arm64-gnu@4.29.1':
    resolution: {integrity: sha512-Z80O+taYxTQITWMjm/YqNoe9d10OX6kDh8X5/rFCMuPqsKsSyDilvfg+vd3iXIqtfmp+cnfL1UrYirkaF8SBZA==}
    cpu: [arm64]
    os: [linux]

  '@rollup/rollup-linux-arm64-musl@4.29.1':
    resolution: {integrity: sha512-fOHRtF9gahwJk3QVp01a/GqS4hBEZCV1oKglVVq13kcK3NeVlS4BwIFzOHDbmKzt3i0OuHG4zfRP0YoG5OF/rA==}
    cpu: [arm64]
    os: [linux]

  '@rollup/rollup-linux-loongarch64-gnu@4.29.1':
    resolution: {integrity: sha512-5a7q3tnlbcg0OodyxcAdrrCxFi0DgXJSoOuidFUzHZ2GixZXQs6Tc3CHmlvqKAmOs5eRde+JJxeIf9DonkmYkw==}
    cpu: [loong64]
    os: [linux]

  '@rollup/rollup-linux-powerpc64le-gnu@4.29.1':
    resolution: {integrity: sha512-9b4Mg5Yfz6mRnlSPIdROcfw1BU22FQxmfjlp/CShWwO3LilKQuMISMTtAu/bxmmrE6A902W2cZJuzx8+gJ8e9w==}
    cpu: [ppc64]
    os: [linux]

  '@rollup/rollup-linux-riscv64-gnu@4.29.1':
    resolution: {integrity: sha512-G5pn0NChlbRM8OJWpJFMX4/i8OEU538uiSv0P6roZcbpe/WfhEO+AT8SHVKfp8qhDQzaz7Q+1/ixMy7hBRidnQ==}
    cpu: [riscv64]
    os: [linux]

  '@rollup/rollup-linux-s390x-gnu@4.29.1':
    resolution: {integrity: sha512-WM9lIkNdkhVwiArmLxFXpWndFGuOka4oJOZh8EP3Vb8q5lzdSCBuhjavJsw68Q9AKDGeOOIHYzYm4ZFvmWez5g==}
    cpu: [s390x]
    os: [linux]

  '@rollup/rollup-linux-x64-gnu@4.29.1':
    resolution: {integrity: sha512-87xYCwb0cPGZFoGiErT1eDcssByaLX4fc0z2nRM6eMtV9njAfEE6OW3UniAoDhX4Iq5xQVpE6qO9aJbCFumKYQ==}
    cpu: [x64]
    os: [linux]

  '@rollup/rollup-linux-x64-musl@4.29.1':
    resolution: {integrity: sha512-xufkSNppNOdVRCEC4WKvlR1FBDyqCSCpQeMMgv9ZyXqqtKBfkw1yfGMTUTs9Qsl6WQbJnsGboWCp7pJGkeMhKA==}
    cpu: [x64]
    os: [linux]

  '@rollup/rollup-win32-arm64-msvc@4.29.1':
    resolution: {integrity: sha512-F2OiJ42m77lSkizZQLuC+jiZ2cgueWQL5YC9tjo3AgaEw+KJmVxHGSyQfDUoYR9cci0lAywv2Clmckzulcq6ig==}
    cpu: [arm64]
    os: [win32]

  '@rollup/rollup-win32-ia32-msvc@4.29.1':
    resolution: {integrity: sha512-rYRe5S0FcjlOBZQHgbTKNrqxCBUmgDJem/VQTCcTnA2KCabYSWQDrytOzX7avb79cAAweNmMUb/Zw18RNd4mng==}
    cpu: [ia32]
    os: [win32]

  '@rollup/rollup-win32-x64-msvc@4.29.1':
    resolution: {integrity: sha512-+10CMg9vt1MoHj6x1pxyjPSMjHTIlqs8/tBztXvPAx24SKs9jwVnKqHJumlH/IzhaPUaj3T6T6wfZr8okdXaIg==}
    cpu: [x64]
    os: [win32]

  '@tauri-apps/api@2.1.1':
    resolution: {integrity: sha512-fzUfFFKo4lknXGJq8qrCidkUcKcH2UHhfaaCNt4GzgzGaW2iS26uFOg4tS3H4P8D6ZEeUxtiD5z0nwFF0UN30A==}

  '@tauri-apps/cli-darwin-arm64@2.1.0':
    resolution: {integrity: sha512-ESc6J6CE8hl1yKH2vJ+ALF+thq4Be+DM1mvmTyUCQObvezNCNhzfS6abIUd3ou4x5RGH51ouiANeT3wekU6dCw==}
    engines: {node: '>= 10'}
    cpu: [arm64]
    os: [darwin]

  '@tauri-apps/cli-darwin-x64@2.1.0':
    resolution: {integrity: sha512-TasHS442DFs8cSH2eUQzuDBXUST4ECjCd0yyP+zZzvAruiB0Bg+c8A+I/EnqCvBQ2G2yvWLYG8q/LI7c87A5UA==}
    engines: {node: '>= 10'}
    cpu: [x64]
    os: [darwin]

  '@tauri-apps/cli-linux-arm-gnueabihf@2.1.0':
    resolution: {integrity: sha512-aP7ZBGNL4ny07Cbb6kKpUOSrmhcIK2KhjviTzYlh+pPhAptxnC78xQGD3zKQkTi2WliJLPmBYbOHWWQa57lQ9w==}
    engines: {node: '>= 10'}
    cpu: [arm]
    os: [linux]

  '@tauri-apps/cli-linux-arm64-gnu@2.1.0':
    resolution: {integrity: sha512-ZTdgD5gLeMCzndMT2f358EkoYkZ5T+Qy6zPzU+l5vv5M7dHVN9ZmblNAYYXmoOuw7y+BY4X/rZvHV9pcGrcanQ==}
    engines: {node: '>= 10'}
    cpu: [arm64]
    os: [linux]

  '@tauri-apps/cli-linux-arm64-musl@2.1.0':
    resolution: {integrity: sha512-NzwqjUCilhnhJzusz3d/0i0F1GFrwCQbkwR6yAHUxItESbsGYkZRJk0yMEWkg3PzFnyK4cWTlQJMEU52TjhEzA==}
    engines: {node: '>= 10'}
    cpu: [arm64]
    os: [linux]

  '@tauri-apps/cli-linux-x64-gnu@2.1.0':
    resolution: {integrity: sha512-TyiIpMEtZxNOQmuFyfJwaaYbg3movSthpBJLIdPlKxSAB2BW0VWLY3/ZfIxm/G2YGHyREkjJvimzYE0i37PnMA==}
    engines: {node: '>= 10'}
    cpu: [x64]
    os: [linux]

  '@tauri-apps/cli-linux-x64-musl@2.1.0':
    resolution: {integrity: sha512-/dQd0TlaxBdJACrR72DhynWftzHDaX32eBtS5WBrNJ+nnNb+znM3gON6nJ9tSE9jgDa6n1v2BkI/oIDtypfUXw==}
    engines: {node: '>= 10'}
    cpu: [x64]
    os: [linux]

  '@tauri-apps/cli-win32-arm64-msvc@2.1.0':
    resolution: {integrity: sha512-NdQJO7SmdYqOcE+JPU7bwg7+odfZMWO6g8xF9SXYCMdUzvM2Gv/AQfikNXz5yS7ralRhNFuW32i5dcHlxh4pDg==}
    engines: {node: '>= 10'}
    cpu: [arm64]
    os: [win32]

  '@tauri-apps/cli-win32-ia32-msvc@2.1.0':
    resolution: {integrity: sha512-f5h8gKT/cB8s1ticFRUpNmHqkmaLutT62oFDB7N//2YTXnxst7EpMIn1w+QimxTvTk2gcx6EcW6bEk/y2hZGzg==}
    engines: {node: '>= 10'}
    cpu: [ia32]
    os: [win32]

  '@tauri-apps/cli-win32-x64-msvc@2.1.0':
    resolution: {integrity: sha512-P/+LrdSSb5Xbho1LRP4haBjFHdyPdjWvGgeopL96OVtrFpYnfC+RctB45z2V2XxqFk3HweDDxk266btjttfjGw==}
    engines: {node: '>= 10'}
    cpu: [x64]
    os: [win32]

  '@tauri-apps/cli@2.1.0':
    resolution: {integrity: sha512-K2VhcKqBhAeS5pNOVdnR/xQRU6jwpgmkSL2ejHXcl0m+kaTggT0WRDQnFtPq6NljA7aE03cvwsbCAoFG7vtkJw==}
    engines: {node: '>= 10'}
    hasBin: true

  '@tauri-apps/plugin-http@2.2.0':
    resolution: {integrity: sha512-ZY6sIHhgu8hcu6BkkegoiOEbvOsQFSVcK8J7l+g9RNHrkhl5uzpNIytR4R/H50fj7gyG80DJvrXDx/LBo7Easw==}

  '@tauri-apps/plugin-opener@2.2.2':
    resolution: {integrity: sha512-E/XIHKqGV+FT8PDdkfMETmgPUxcR79Rk8USuzbadD/ZdvsKCfQR5q+6rpZC9zEnG2wzi9lVQM4D3xwrtGGIB8A==}

  '@types/estree@1.0.6':
    resolution: {integrity: sha512-AYnb1nQyY49te+VRAVgmzfcgjYS91mY5P0TKUDCLEM+gNnA+3T6rWITXRLYCpahpqSQbN5cE+gHpnPyXjHWxcw==}

  '@vitejs/plugin-vue@5.2.1':
    resolution: {integrity: sha512-cxh314tzaWwOLqVes2gnnCtvBDcM1UMdn+iFR+UjAn411dPT3tOmqrJjbMd7koZpMAmBM/GqeV4n9ge7JSiJJQ==}
    engines: {node: ^18.0.0 || >=20.0.0}
    peerDependencies:
      vite: ^5.0.0 || ^6.0.0
      vue: ^3.2.25

  '@volar/language-core@2.4.11':
    resolution: {integrity: sha512-lN2C1+ByfW9/JRPpqScuZt/4OrUUse57GLI6TbLgTIqBVemdl1wNcZ1qYGEo2+Gw8coYLgCy7SuKqn6IrQcQgg==}

  '@volar/source-map@2.4.11':
    resolution: {integrity: sha512-ZQpmafIGvaZMn/8iuvCFGrW3smeqkq/IIh9F1SdSx9aUl0J4Iurzd6/FhmjNO5g2ejF3rT45dKskgXWiofqlZQ==}

  '@volar/typescript@2.4.11':
    resolution: {integrity: sha512-2DT+Tdh88Spp5PyPbqhyoYavYCPDsqbHLFwcUI9K1NlY1YgUJvujGdrqUp0zWxnW7KWNTr3xSpMuv2WnaTKDAw==}

  '@vue/compiler-core@3.5.13':
    resolution: {integrity: sha512-oOdAkwqUfW1WqpwSYJce06wvt6HljgY3fGeM9NcVA1HaYOij3mZG9Rkysn0OHuyUAGMbEbARIpsG+LPVlBJ5/Q==}

  '@vue/compiler-dom@3.5.13':
    resolution: {integrity: sha512-ZOJ46sMOKUjO3e94wPdCzQ6P1Lx/vhp2RSvfaab88Ajexs0AHeV0uasYhi99WPaogmBlRHNRuly8xV75cNTMDA==}

  '@vue/compiler-sfc@3.5.13':
    resolution: {integrity: sha512-6VdaljMpD82w6c2749Zhf5T9u5uLBWKnVue6XWxprDobftnletJ8+oel7sexFfM3qIxNmVE7LSFGTpv6obNyaQ==}

  '@vue/compiler-ssr@3.5.13':
    resolution: {integrity: sha512-wMH6vrYHxQl/IybKJagqbquvxpWCuVYpoUJfCqFZwa/JY1GdATAQ+TgVtgrwwMZ0D07QhA99rs/EAAWfvG6KpA==}

  '@vue/compiler-vue2@2.7.16':
    resolution: {integrity: sha512-qYC3Psj9S/mfu9uVi5WvNZIzq+xnXMhOwbTFKKDD7b1lhpnn71jXSFdTQ+WsIEk0ONCd7VV2IMm7ONl6tbQ86A==}

  '@vue/language-core@2.2.0':
    resolution: {integrity: sha512-O1ZZFaaBGkKbsRfnVH1ifOK1/1BUkyK+3SQsfnh6PmMmD4qJcTU8godCeA96jjDRTL6zgnK7YzCHfaUlH2r0Mw==}
    peerDependencies:
      typescript: '*'
    peerDependenciesMeta:
      typescript:
        optional: true

  '@vue/reactivity@3.5.13':
    resolution: {integrity: sha512-NaCwtw8o48B9I6L1zl2p41OHo/2Z4wqYGGIK1Khu5T7yxrn+ATOixn/Udn2m+6kZKB/J7cuT9DbWWhRxqixACg==}

  '@vue/runtime-core@3.5.13':
    resolution: {integrity: sha512-Fj4YRQ3Az0WTZw1sFe+QDb0aXCerigEpw418pw1HBUKFtnQHWzwojaukAs2X/c9DQz4MQ4bsXTGlcpGxU/RCIw==}

  '@vue/runtime-dom@3.5.13':
    resolution: {integrity: sha512-dLaj94s93NYLqjLiyFzVs9X6dWhTdAlEAciC3Moq7gzAc13VJUdCnjjRurNM6uTLFATRHexHCTu/Xp3eW6yoog==}

  '@vue/server-renderer@3.5.13':
    resolution: {integrity: sha512-wAi4IRJV/2SAW3htkTlB+dHeRmpTiVIK1OGLWV1yeStVSebSQQOwGwIq0D3ZIoBj2C2qpgz5+vX9iEBkTdk5YA==}
    peerDependencies:
      vue: 3.5.13

  '@vue/shared@3.5.13':
    resolution: {integrity: sha512-/hnE/qP5ZoGpol0a5mDi45bOd7t3tjYJBjsgCsivow7D48cJeV5l05RD82lPqi7gRiphZM37rnhW1l6ZoCNNnQ==}

  alien-signals@0.4.12:
    resolution: {integrity: sha512-Og0PgAihxlp1R22bsoBsyhhMG4+qhU+fkkLPoGBQkYVc3qt9rYnrwYTf+M6kqUqUZpf3rXDnpL90iKa0QcSVVg==}

  asynckit@0.4.0:
    resolution: {integrity: sha512-Oei9OH4tRh0YqU3GxhX79dM/mwVgvbZJaSNaRk+bshkj0S5cfHcgYakreBjrHwatXKbz+IoIdYLxrKim2MjW0Q==}

  axios@1.7.9:
    resolution: {integrity: sha512-LhLcE7Hbiryz8oMDdDptSrWowmB4Bl6RCt6sIJKpRB4XtVf0iEgewX3au/pJqm+Py1kCASkb/FFKjxQaLtxJvw==}

  balanced-match@1.0.2:
    resolution: {integrity: sha512-3oSeUO0TMV67hN1AmbXsK4yaqU7tjiHlbxRDZOpH0KW9+CeX4bRAaX0Anxt0tx2MrpRpWwQaPwIlISEJhYU5Pw==}

  brace-expansion@2.0.1:
    resolution: {integrity: sha512-XnAIvQ8eM+kC6aULx6wuQiwVsnzsi9d3WxzV3FpWTGA19F621kwdbsAcFKXgKUHZWsy+mY6iL1sHTxWEFCytDA==}

  combined-stream@1.0.8:
    resolution: {integrity: sha512-FQN4MRfuJeHf7cBbBMJFXhKSDq+2kAArBlmRBvcvFE5BB1HZKXtSFASDhdlz9zOYwxh8lDdnvmMOe/+5cdoEdg==}
    engines: {node: '>= 0.8'}

  csstype@3.1.3:
    resolution: {integrity: sha512-M1uQkMl8rQK/szD0LNhtqxIPLpimGm8sOBwU7lLnCpSbTyY3yeU1Vc7l4KT5zT4s/yOxHH5O7tIuuLOCnLADRw==}

  de-indent@1.0.2:
    resolution: {integrity: sha512-e/1zu3xH5MQryN2zdVaF0OrdNLUbvWxzMbi+iNA6Bky7l1RoP8a2fIbRocyHclXt/arDrrR6lL3TqFD9pMQTsg==}

  delayed-stream@1.0.0:
    resolution: {integrity: sha512-ZySD7Nf91aLB0RxL4KGrKHBXl7Eds1DAmEdcoVawXnLD7SDhpNgtuII2aAkg7a7QS41jxPSZ17p4VdGnMHk3MQ==}
    engines: {node: '>=0.4.0'}

  entities@4.5.0:
    resolution: {integrity: sha512-V0hjH4dGPh9Ao5p0MoRY6BVqtwCjhz6vI5LT8AJ55H+4g9/4vbHx1I54fS0XuclLhDHArPQCiMjDxjaL8fPxhw==}
    engines: {node: '>=0.12'}

  esbuild@0.24.2:
    resolution: {integrity: sha512-+9egpBW8I3CD5XPe0n6BfT5fxLzxrlDzqydF3aviG+9ni1lDC/OvMHcxqEFV0+LANZG5R1bFMWfUrjVsdwxJvA==}
    engines: {node: '>=18'}
    hasBin: true

  estree-walker@2.0.2:
    resolution: {integrity: sha512-Rfkk/Mp/DL7JVje3u18FxFujQlTNR2q6QfMSMB7AvCBx91NGj/ba3kCfza0f6dVDbw7YlRf/nDrn7pQrCCyQ/w==}

  follow-redirects@1.15.9:
    resolution: {integrity: sha512-gew4GsXizNgdoRyqmyfMHyAmXsZDk6mHkSxZFCzW9gwlbtOW44CDtYavM+y+72qD/Vq2l550kMF52DT8fOLJqQ==}
    engines: {node: '>=4.0'}
    peerDependencies:
      debug: '*'
    peerDependenciesMeta:
      debug:
        optional: true

  form-data@4.0.1:
    resolution: {integrity: sha512-tzN8e4TX8+kkxGPK8D5u0FNmjPUjw3lwC9lSLxxoB/+GtsJG91CO8bSWy73APlgAZzZbXEYZJuxjkHH2w+Ezhw==}
    engines: {node: '>= 6'}

  fsevents@2.3.3:
    resolution: {integrity: sha512-5xoDfX+fL7faATnagmWPpbFtwh/R77WmMMqqHGS65C3vvB0YHrgF+B1YmZ3441tMj5n63k0212XNoJwzlhffQw==}
    engines: {node: ^8.16.0 || ^10.6.0 || >=11.0.0}
    os: [darwin]

  he@1.2.0:
    resolution: {integrity: sha512-F/1DnUGPopORZi0ni+CvrCgHQ5FyEAHRLSApuYWMmrbSwoN2Mn/7k+Gl38gJnR7yyDZk6WLXwiGod1JOWNDKGw==}
    hasBin: true

  magic-string@0.30.17:
    resolution: {integrity: sha512-sNPKHvyjVf7gyjwS4xGTaW/mCnF8wnjtifKBEhxfZ7E/S8tQ0rssrwGNn6q8JH/ohItJfSQp9mBtQYuTlH5QnA==}

  mime-db@1.52.0:
    resolution: {integrity: sha512-sPU4uV7dYlvtWJxwwxHD0PuihVNiE7TyAbQ5SWxDCB9mUYvOgroQOwYQQOKPJ8CIbE+1ETVlOoK1UC2nU3gYvg==}
    engines: {node: '>= 0.6'}

  mime-types@2.1.35:
    resolution: {integrity: sha512-ZDY+bPm5zTTF+YpCrAU9nK0UgICYPT0QtT1NZWFv4s++TNkcgVaT0g6+4R2uI4MjQjzysHB1zxuWL50hzaeXiw==}
    engines: {node: '>= 0.6'}

  minimatch@9.0.5:
    resolution: {integrity: sha512-G6T0ZX48xgozx7587koeX9Ys2NYy6Gmv//P89sEte9V9whIapMNF4idKxnW2QtCcLiTWlb/wfCabAtAFWhhBow==}
    engines: {node: '>=16 || 14 >=14.17'}

  muggle-string@0.4.1:
    resolution: {integrity: sha512-VNTrAak/KhO2i8dqqnqnAHOa3cYBwXEZe9h+D5h/1ZqFSTEFHdM65lR7RoIqq3tBBYavsOXV84NoHXZ0AkPyqQ==}

  nanoid@3.3.8:
    resolution: {integrity: sha512-WNLf5Sd8oZxOm+TzppcYk8gVOgP+l58xNy58D0nbUnOxOWRWvlcCV4kUF7ltmI6PsrLl/BgKEyS4mqsGChFN0w==}
    engines: {node: ^10 || ^12 || ^13.7 || ^14 || >=15.0.1}
    hasBin: true

  path-browserify@1.0.1:
    resolution: {integrity: sha512-b7uo2UCUOYZcnF/3ID0lulOJi/bafxa1xPe7ZPsammBSpjSWQkjNxlt635YGS2MiR9GjvuXCtz2emr3jbsz98g==}

  picocolors@1.1.1:
    resolution: {integrity: sha512-xceH2snhtb5M9liqDsmEw56le376mTZkEX/jEb/RxNFyegNul7eNslCXP9FDj/Lcu0X8KEyMceP2ntpaHrDEVA==}

  postcss@8.4.49:
    resolution: {integrity: sha512-OCVPnIObs4N29kxTjzLfUryOkvZEq+pf8jTF0lg8E7uETuWHA+v7j3c/xJmiqpX450191LlmZfUKkXxkTry7nA==}
    engines: {node: ^10 || ^12 || >=14}

  proxy-from-env@1.1.0:
    resolution: {integrity: sha512-D+zkORCbA9f1tdWRK0RaCR3GPv50cMxcrz4X8k5LTSUD1Dkw47mKJEZQNunItRTkWwgtaUSo1RVFRIG9ZXiFYg==}

  rollup@4.29.1:
    resolution: {integrity: sha512-RaJ45M/kmJUzSWDs1Nnd5DdV4eerC98idtUOVr6FfKcgxqvjwHmxc5upLF9qZU9EpsVzzhleFahrT3shLuJzIw==}
    engines: {node: '>=18.0.0', npm: '>=8.0.0'}
    hasBin: true

  source-map-js@1.2.1:
    resolution: {integrity: sha512-UXWMKhLOwVKb728IUtQPXxfYU+usdybtUrK/8uGE8CQMvrhOpwvzDBwj0QhSL7MQc7vIsISBG8VQ8+IDQxpfQA==}
    engines: {node: '>=0.10.0'}

  typescript@5.6.3:
    resolution: {integrity: sha512-hjcS1mhfuyi4WW8IWtjP7brDrG2cuDZukyrYrSauoXGNgx0S7zceP07adYkJycEr56BOUTNPzbInooiN3fn1qw==}
    engines: {node: '>=14.17'}
    hasBin: true

  vite@6.0.6:
    resolution: {integrity: sha512-NSjmUuckPmDU18bHz7QZ+bTYhRR0iA72cs2QAxCqDpafJ0S6qetco0LB3WW2OxlMHS0JmAv+yZ/R3uPmMyGTjQ==}
    engines: {node: ^18.0.0 || ^20.0.0 || >=22.0.0}
    hasBin: true
    peerDependencies:
      '@types/node': ^18.0.0 || ^20.0.0 || >=22.0.0
      jiti: '>=1.21.0'
      less: '*'
      lightningcss: ^1.21.0
      sass: '*'
      sass-embedded: '*'
      stylus: '*'
      sugarss: '*'
      terser: ^5.16.0
      tsx: ^4.8.1
      yaml: ^2.4.2
    peerDependenciesMeta:
      '@types/node':
        optional: true
      jiti:
        optional: true
      less:
        optional: true
      lightningcss:
        optional: true
      sass:
        optional: true
      sass-embedded:
        optional: true
      stylus:
        optional: true
      sugarss:
        optional: true
      terser:
        optional: true
      tsx:
        optional: true
      yaml:
        optional: true

  vscode-uri@3.0.8:
    resolution: {integrity: sha512-AyFQ0EVmsOZOlAnxoFOGOq1SQDWAB7C6aqMGS23svWAllfOaxbuFvcT8D1i8z3Gyn8fraVeZNNmN6e9bxxXkKw==}

  vue-tsc@2.2.0:
    resolution: {integrity: sha512-gtmM1sUuJ8aSb0KoAFmK9yMxb8TxjewmxqTJ1aKphD5Cbu0rULFY6+UQT51zW7SpUcenfPUuflKyVwyx9Qdnxg==}
    hasBin: true
    peerDependencies:
      typescript: '>=5.0.0'

  vue@3.5.13:
    resolution: {integrity: sha512-wmeiSMxkZCSc+PM2w2VRsOYAZC8GdipNFRTsLSfodVqI9mbejKeXEGr8SckuLnrQPGe3oJN5c3K0vpoU9q/wCQ==}
    peerDependencies:
      typescript: '*'
    peerDependenciesMeta:
      typescript:
        optional: true

snapshots:

  '@babel/helper-string-parser@7.25.9': {}

  '@babel/helper-validator-identifier@7.25.9': {}

  '@babel/parser@7.26.3':
    dependencies:
      '@babel/types': 7.26.3

  '@babel/types@7.26.3':
    dependencies:
      '@babel/helper-string-parser': 7.25.9
      '@babel/helper-validator-identifier': 7.25.9

  '@esbuild/aix-ppc64@0.24.2':
    optional: true

  '@esbuild/android-arm64@0.24.2':
    optional: true

  '@esbuild/android-arm@0.24.2':
    optional: true

  '@esbuild/android-x64@0.24.2':
    optional: true

  '@esbuild/darwin-arm64@0.24.2':
    optional: true

  '@esbuild/darwin-x64@0.24.2':
    optional: true

  '@esbuild/freebsd-arm64@0.24.2':
    optional: true

  '@esbuild/freebsd-x64@0.24.2':
    optional: true

  '@esbuild/linux-arm64@0.24.2':
    optional: true

  '@esbuild/linux-arm@0.24.2':
    optional: true

  '@esbuild/linux-ia32@0.24.2':
    optional: true

  '@esbuild/linux-loong64@0.24.2':
    optional: true

  '@esbuild/linux-mips64el@0.24.2':
    optional: true

  '@esbuild/linux-ppc64@0.24.2':
    optional: true

  '@esbuild/linux-riscv64@0.24.2':
    optional: true

  '@esbuild/linux-s390x@0.24.2':
    optional: true

  '@esbuild/linux-x64@0.24.2':
    optional: true

  '@esbuild/netbsd-arm64@0.24.2':
    optional: true

  '@esbuild/netbsd-x64@0.24.2':
    optional: true

  '@esbuild/openbsd-arm64@0.24.2':
    optional: true

  '@esbuild/openbsd-x64@0.24.2':
    optional: true

  '@esbuild/sunos-x64@0.24.2':
    optional: true

  '@esbuild/win32-arm64@0.24.2':
    optional: true

  '@esbuild/win32-ia32@0.24.2':
    optional: true

  '@esbuild/win32-x64@0.24.2':
    optional: true

  '@jridgewell/sourcemap-codec@1.5.0': {}

  '@rollup/rollup-android-arm-eabi@4.29.1':
    optional: true

  '@rollup/rollup-android-arm64@4.29.1':
    optional: true

  '@rollup/rollup-darwin-arm64@4.29.1':
    optional: true

  '@rollup/rollup-darwin-x64@4.29.1':
    optional: true

  '@rollup/rollup-freebsd-arm64@4.29.1':
    optional: true

  '@rollup/rollup-freebsd-x64@4.29.1':
    optional: true

  '@rollup/rollup-linux-arm-gnueabihf@4.29.1':
    optional: true

  '@rollup/rollup-linux-arm-musleabihf@4.29.1':
    optional: true

  '@rollup/rollup-linux-arm64-gnu@4.29.1':
    optional: true

  '@rollup/rollup-linux-arm64-musl@4.29.1':
    optional: true

  '@rollup/rollup-linux-loongarch64-gnu@4.29.1':
    optional: true

  '@rollup/rollup-linux-powerpc64le-gnu@4.29.1':
    optional: true

  '@rollup/rollup-linux-riscv64-gnu@4.29.1':
    optional: true

  '@rollup/rollup-linux-s390x-gnu@4.29.1':
    optional: true

  '@rollup/rollup-linux-x64-gnu@4.29.1':
    optional: true

  '@rollup/rollup-linux-x64-musl@4.29.1':
    optional: true

  '@rollup/rollup-win32-arm64-msvc@4.29.1':
    optional: true

  '@rollup/rollup-win32-ia32-msvc@4.29.1':
    optional: true

  '@rollup/rollup-win32-x64-msvc@4.29.1':
    optional: true

  '@tauri-apps/api@2.1.1': {}

  '@tauri-apps/cli-darwin-arm64@2.1.0':
    optional: true

  '@tauri-apps/cli-darwin-x64@2.1.0':
    optional: true

  '@tauri-apps/cli-linux-arm-gnueabihf@2.1.0':
    optional: true

  '@tauri-apps/cli-linux-arm64-gnu@2.1.0':
    optional: true

  '@tauri-apps/cli-linux-arm64-musl@2.1.0':
    optional: true

  '@tauri-apps/cli-linux-x64-gnu@2.1.0':
    optional: true

  '@tauri-apps/cli-linux-x64-musl@2.1.0':
    optional: true

  '@tauri-apps/cli-win32-arm64-msvc@2.1.0':
    optional: true

  '@tauri-apps/cli-win32-ia32-msvc@2.1.0':
    optional: true

  '@tauri-apps/cli-win32-x64-msvc@2.1.0':
    optional: true

  '@tauri-apps/cli@2.1.0':
    optionalDependencies:
      '@tauri-apps/cli-darwin-arm64': 2.1.0
      '@tauri-apps/cli-darwin-x64': 2.1.0
      '@tauri-apps/cli-linux-arm-gnueabihf': 2.1.0
      '@tauri-apps/cli-linux-arm64-gnu': 2.1.0
      '@tauri-apps/cli-linux-arm64-musl': 2.1.0
      '@tauri-apps/cli-linux-x64-gnu': 2.1.0
      '@tauri-apps/cli-linux-x64-musl': 2.1.0
      '@tauri-apps/cli-win32-arm64-msvc': 2.1.0
      '@tauri-apps/cli-win32-ia32-msvc': 2.1.0
      '@tauri-apps/cli-win32-x64-msvc': 2.1.0

  '@tauri-apps/plugin-http@2.2.0':
    dependencies:
      '@tauri-apps/api': 2.1.1

  '@tauri-apps/plugin-opener@2.2.2':
    dependencies:
      '@tauri-apps/api': 2.1.1

  '@types/estree@1.0.6': {}

  '@vitejs/plugin-vue@5.2.1(vite@6.0.6)(vue@3.5.13(typescript@5.6.3))':
    dependencies:
      vite: 6.0.6
      vue: 3.5.13(typescript@5.6.3)

  '@volar/language-core@2.4.11':
    dependencies:
      '@volar/source-map': 2.4.11

  '@volar/source-map@2.4.11': {}

  '@volar/typescript@2.4.11':
    dependencies:
      '@volar/language-core': 2.4.11
      path-browserify: 1.0.1
      vscode-uri: 3.0.8

  '@vue/compiler-core@3.5.13':
    dependencies:
      '@babel/parser': 7.26.3
      '@vue/shared': 3.5.13
      entities: 4.5.0
      estree-walker: 2.0.2
      source-map-js: 1.2.1

  '@vue/compiler-dom@3.5.13':
    dependencies:
      '@vue/compiler-core': 3.5.13
      '@vue/shared': 3.5.13

  '@vue/compiler-sfc@3.5.13':
    dependencies:
      '@babel/parser': 7.26.3
      '@vue/compiler-core': 3.5.13
      '@vue/compiler-dom': 3.5.13
      '@vue/compiler-ssr': 3.5.13
      '@vue/shared': 3.5.13
      estree-walker: 2.0.2
      magic-string: 0.30.17
      postcss: 8.4.49
      source-map-js: 1.2.1

  '@vue/compiler-ssr@3.5.13':
    dependencies:
      '@vue/compiler-dom': 3.5.13
      '@vue/shared': 3.5.13

  '@vue/compiler-vue2@2.7.16':
    dependencies:
      de-indent: 1.0.2
      he: 1.2.0

  '@vue/language-core@2.2.0(typescript@5.6.3)':
    dependencies:
      '@volar/language-core': 2.4.11
      '@vue/compiler-dom': 3.5.13
      '@vue/compiler-vue2': 2.7.16
      '@vue/shared': 3.5.13
      alien-signals: 0.4.12
      minimatch: 9.0.5
      muggle-string: 0.4.1
      path-browserify: 1.0.1
    optionalDependencies:
      typescript: 5.6.3

  '@vue/reactivity@3.5.13':
    dependencies:
      '@vue/shared': 3.5.13

  '@vue/runtime-core@3.5.13':
    dependencies:
      '@vue/reactivity': 3.5.13
      '@vue/shared': 3.5.13

  '@vue/runtime-dom@3.5.13':
    dependencies:
      '@vue/reactivity': 3.5.13
      '@vue/runtime-core': 3.5.13
      '@vue/shared': 3.5.13
      csstype: 3.1.3

  '@vue/server-renderer@3.5.13(vue@3.5.13(typescript@5.6.3))':
    dependencies:
      '@vue/compiler-ssr': 3.5.13
      '@vue/shared': 3.5.13
      vue: 3.5.13(typescript@5.6.3)

  '@vue/shared@3.5.13': {}

  alien-signals@0.4.12: {}

  asynckit@0.4.0: {}

  axios@1.7.9:
    dependencies:
      follow-redirects: 1.15.9
      form-data: 4.0.1
      proxy-from-env: 1.1.0
    transitivePeerDependencies:
      - debug

  balanced-match@1.0.2: {}

  brace-expansion@2.0.1:
    dependencies:
      balanced-match: 1.0.2

  combined-stream@1.0.8:
    dependencies:
      delayed-stream: 1.0.0

  csstype@3.1.3: {}

  de-indent@1.0.2: {}

  delayed-stream@1.0.0: {}

  entities@4.5.0: {}

  esbuild@0.24.2:
    optionalDependencies:
      '@esbuild/aix-ppc64': 0.24.2
      '@esbuild/android-arm': 0.24.2
      '@esbuild/android-arm64': 0.24.2
      '@esbuild/android-x64': 0.24.2
      '@esbuild/darwin-arm64': 0.24.2
      '@esbuild/darwin-x64': 0.24.2
      '@esbuild/freebsd-arm64': 0.24.2
      '@esbuild/freebsd-x64': 0.24.2
      '@esbuild/linux-arm': 0.24.2
      '@esbuild/linux-arm64': 0.24.2
      '@esbuild/linux-ia32': 0.24.2
      '@esbuild/linux-loong64': 0.24.2
      '@esbuild/linux-mips64el': 0.24.2
      '@esbuild/linux-ppc64': 0.24.2
      '@esbuild/linux-riscv64': 0.24.2
      '@esbuild/linux-s390x': 0.24.2
      '@esbuild/linux-x64': 0.24.2
      '@esbuild/netbsd-arm64': 0.24.2
      '@esbuild/netbsd-x64': 0.24.2
      '@esbuild/openbsd-arm64': 0.24.2
      '@esbuild/openbsd-x64': 0.24.2
      '@esbuild/sunos-x64': 0.24.2
      '@esbuild/win32-arm64': 0.24.2
      '@esbuild/win32-ia32': 0.24.2
      '@esbuild/win32-x64': 0.24.2

  estree-walker@2.0.2: {}

  follow-redirects@1.15.9: {}

  form-data@4.0.1:
    dependencies:
      asynckit: 0.4.0
      combined-stream: 1.0.8
      mime-types: 2.1.35

  fsevents@2.3.3:
    optional: true

  he@1.2.0: {}

  magic-string@0.30.17:
    dependencies:
      '@jridgewell/sourcemap-codec': 1.5.0

  mime-db@1.52.0: {}

  mime-types@2.1.35:
    dependencies:
      mime-db: 1.52.0

  minimatch@9.0.5:
    dependencies:
      brace-expansion: 2.0.1

  muggle-string@0.4.1: {}

  nanoid@3.3.8: {}

  path-browserify@1.0.1: {}

  picocolors@1.1.1: {}

  postcss@8.4.49:
    dependencies:
      nanoid: 3.3.8
      picocolors: 1.1.1
      source-map-js: 1.2.1

  proxy-from-env@1.1.0: {}

  rollup@4.29.1:
    dependencies:
      '@types/estree': 1.0.6
    optionalDependencies:
      '@rollup/rollup-android-arm-eabi': 4.29.1
      '@rollup/rollup-android-arm64': 4.29.1
      '@rollup/rollup-darwin-arm64': 4.29.1
      '@rollup/rollup-darwin-x64': 4.29.1
      '@rollup/rollup-freebsd-arm64': 4.29.1
      '@rollup/rollup-freebsd-x64': 4.29.1
      '@rollup/rollup-linux-arm-gnueabihf': 4.29.1
      '@rollup/rollup-linux-arm-musleabihf': 4.29.1
      '@rollup/rollup-linux-arm64-gnu': 4.29.1
      '@rollup/rollup-linux-arm64-musl': 4.29.1
      '@rollup/rollup-linux-loongarch64-gnu': 4.29.1
      '@rollup/rollup-linux-powerpc64le-gnu': 4.29.1
      '@rollup/rollup-linux-riscv64-gnu': 4.29.1
      '@rollup/rollup-linux-s390x-gnu': 4.29.1
      '@rollup/rollup-linux-x64-gnu': 4.29.1
      '@rollup/rollup-linux-x64-musl': 4.29.1
      '@rollup/rollup-win32-arm64-msvc': 4.29.1
      '@rollup/rollup-win32-ia32-msvc': 4.29.1
      '@rollup/rollup-win32-x64-msvc': 4.29.1
      fsevents: 2.3.3

  source-map-js@1.2.1: {}

  typescript@5.6.3: {}

  vite@6.0.6:
    dependencies:
      esbuild: 0.24.2
      postcss: 8.4.49
      rollup: 4.29.1
    optionalDependencies:
      fsevents: 2.3.3

  vscode-uri@3.0.8: {}

  vue-tsc@2.2.0(typescript@5.6.3):
    dependencies:
      '@volar/typescript': 2.4.11
      '@vue/language-core': 2.2.0(typescript@5.6.3)
      typescript: 5.6.3

  vue@3.5.13(typescript@5.6.3):
    dependencies:
      '@vue/compiler-dom': 3.5.13
      '@vue/compiler-sfc': 3.5.13
      '@vue/runtime-dom': 3.5.13
      '@vue/server-renderer': 3.5.13(vue@3.5.13(typescript@5.6.3))
      '@vue/shared': 3.5.13
    optionalDependencies:
      typescript: 5.6.3
